// !$*UTF8*$!
{
	archiveVersion = 1;
	classes = {
	};
	objectVersion = 50;
	objects = {

/* Begin PBXBuildFile section */
		C86BCEB25DFE4BB0BFF1B21D /* Pods_EngagementScenarios.framework in Frameworks */ = {isa = PBXBuildFile; fileRef = F4197ADB4B544954F4667DA0 /* Pods_EngagementScenarios.framework */; };
		FB58E9FD210FB41F006CF15A /* AppDelegate.swift in Sources */ = {isa = PBXBuildFile; fileRef = FB58E9FC210FB41F006CF15A /* AppDelegate.swift */; };
		FB58EA02210FB41F006CF15A /* Main.storyboard in Resources */ = {isa = PBXBuildFile; fileRef = FB58EA00210FB41F006CF15A /* Main.storyboard */; };
		FB58EA04210FB420006CF15A /* Assets.xcassets in Resources */ = {isa = PBXBuildFile; fileRef = FB58EA03210FB420006CF15A /* Assets.xcassets */; };
		FB58EA07210FB420006CF15A /* LaunchScreen.storyboard in Resources */ = {isa = PBXBuildFile; fileRef = FB58EA05210FB420006CF15A /* LaunchScreen.storyboard */; };
		FB58EA10210FB886006CF15A /* ScenarioSelectViewController.swift in Sources */ = {isa = PBXBuildFile; fileRef = FB58EA0F210FB886006CF15A /* ScenarioSelectViewController.swift */; };
		FB58EA12210FBA61006CF15A /* LocalNotificationHandlerViewController.swift in Sources */ = {isa = PBXBuildFile; fileRef = FB58EA11210FBA61006CF15A /* LocalNotificationHandlerViewController.swift */; };
/* End PBXBuildFile section */

/* Begin PBXFileReference section */
		26ABB8F853AEEA17F1E1096B /* Pods-EngagementScenarios.release.xcconfig */ = {isa = PBXFileReference; includeInIndex = 1; lastKnownFileType = text.xcconfig; name = "Pods-EngagementScenarios.release.xcconfig"; path = "Pods/Target Support Files/Pods-EngagementScenarios/Pods-EngagementScenarios.release.xcconfig"; sourceTree = "<group>"; };
		5DF65505352E4E9272F3E605 /* Pods-EngagementScenarios.debug.xcconfig */ = {isa = PBXFileReference; includeInIndex = 1; lastKnownFileType = text.xcconfig; name = "Pods-EngagementScenarios.debug.xcconfig"; path = "Pods/Target Support Files/Pods-EngagementScenarios/Pods-EngagementScenarios.debug.xcconfig"; sourceTree = "<group>"; };
		F4197ADB4B544954F4667DA0 /* Pods_EngagementScenarios.framework */ = {isa = PBXFileReference; explicitFileType = wrapper.framework; includeInIndex = 0; path = Pods_EngagementScenarios.framework; sourceTree = BUILT_PRODUCTS_DIR; };
		FB58E9F9210FB41F006CF15A /* EngagementScenarios.app */ = {isa = PBXFileReference; explicitFileType = wrapper.application; includeInIndex = 0; path = EngagementScenarios.app; sourceTree = BUILT_PRODUCTS_DIR; };
		FB58E9FC210FB41F006CF15A /* AppDelegate.swift */ = {isa = PBXFileReference; lastKnownFileType = sourcecode.swift; path = AppDelegate.swift; sourceTree = "<group>"; };
		FB58EA01210FB41F006CF15A /* Base */ = {isa = PBXFileReference; lastKnownFileType = file.storyboard; name = Base; path = Base.lproj/Main.storyboard; sourceTree = "<group>"; };
		FB58EA03210FB420006CF15A /* Assets.xcassets */ = {isa = PBXFileReference; lastKnownFileType = folder.assetcatalog; path = Assets.xcassets; sourceTree = "<group>"; };
		FB58EA06210FB420006CF15A /* Base */ = {isa = PBXFileReference; lastKnownFileType = file.storyboard; name = Base; path = Base.lproj/LaunchScreen.storyboard; sourceTree = "<group>"; };
		FB58EA08210FB420006CF15A /* Info.plist */ = {isa = PBXFileReference; lastKnownFileType = text.plist.xml; path = Info.plist; sourceTree = "<group>"; };
		FB58EA0F210FB886006CF15A /* ScenarioSelectViewController.swift */ = {isa = PBXFileReference; fileEncoding = 4; lastKnownFileType = sourcecode.swift; name = ScenarioSelectViewController.swift; path = EngagementScenarios/ScenarioSelectViewController.swift; sourceTree = SOURCE_ROOT; };
		FB58EA11210FBA61006CF15A /* LocalNotificationHandlerViewController.swift */ = {isa = PBXFileReference; lastKnownFileType = sourcecode.swift; path = LocalNotificationHandlerViewController.swift; sourceTree = "<group>"; };
/* End PBXFileReference section */

/* Begin PBXFrameworksBuildPhase section */
		FB58E9F6210FB41F006CF15A /* Frameworks */ = {
			isa = PBXFrameworksBuildPhase;
			buildActionMask = 2147483647;
			files = (
				C86BCEB25DFE4BB0BFF1B21D /* Pods_EngagementScenarios.framework in Frameworks */,
			);
			runOnlyForDeploymentPostprocessing = 0;
		};
/* End PBXFrameworksBuildPhase section */

/* Begin PBXGroup section */
		07EDC10623A56FD34DCB61F3 /* Pods */ = {
			isa = PBXGroup;
			children = (
				5DF65505352E4E9272F3E605 /* Pods-EngagementScenarios.debug.xcconfig */,
				26ABB8F853AEEA17F1E1096B /* Pods-EngagementScenarios.release.xcconfig */,
			);
			name = Pods;
			sourceTree = "<group>";
		};
		7CCE42E38B4C0CB632FE4FC5 /* Frameworks */ = {
			isa = PBXGroup;
			children = (
				F4197ADB4B544954F4667DA0 /* Pods_EngagementScenarios.framework */,
			);
			name = Frameworks;
			sourceTree = "<group>";
		};
		FB58E9F0210FB41F006CF15A = {
			isa = PBXGroup;
			children = (
				FB58E9FB210FB41F006CF15A /* EngagementScenarios */,
				FB58E9FA210FB41F006CF15A /* Products */,
				07EDC10623A56FD34DCB61F3 /* Pods */,
				7CCE42E38B4C0CB632FE4FC5 /* Frameworks */,
			);
			sourceTree = "<group>";
		};
		FB58E9FA210FB41F006CF15A /* Products */ = {
			isa = PBXGroup;
			children = (
				FB58E9F9210FB41F006CF15A /* EngagementScenarios.app */,
			);
			name = Products;
			sourceTree = "<group>";
		};
		FB58E9FB210FB41F006CF15A /* EngagementScenarios */ = {
			isa = PBXGroup;
			children = (
				FB58EA0E210FB500006CF15A /* Scenarios */,
				FB58E9FC210FB41F006CF15A /* AppDelegate.swift */,
				FB58EA0F210FB886006CF15A /* ScenarioSelectViewController.swift */,
				FB58EA00210FB41F006CF15A /* Main.storyboard */,
				FB58EA03210FB420006CF15A /* Assets.xcassets */,
				FB58EA05210FB420006CF15A /* LaunchScreen.storyboard */,
				FB58EA08210FB420006CF15A /* Info.plist */,
			);
			path = EngagementScenarios;
			sourceTree = "<group>";
		};
		FB58EA0E210FB500006CF15A /* Scenarios */ = {
			isa = PBXGroup;
			children = (
				FB58EA11210FBA61006CF15A /* LocalNotificationHandlerViewController.swift */,
			);
			path = Scenarios;
			sourceTree = "<group>";
		};
/* End PBXGroup section */

/* Begin PBXNativeTarget section */
		FB58E9F8210FB41F006CF15A /* EngagementScenarios */ = {
			isa = PBXNativeTarget;
			buildConfigurationList = FB58EA0B210FB420006CF15A /* Build configuration list for PBXNativeTarget "EngagementScenarios" */;
			buildPhases = (
				3E5A3FAE5CC6F1660D7BAF85 /* [CP] Check Pods Manifest.lock */,
				FB58E9F5210FB41F006CF15A /* Sources */,
				FB58E9F6210FB41F006CF15A /* Frameworks */,
				FB58E9F7210FB41F006CF15A /* Resources */,
				A6BBCF5FDB8E9ABBC454F572 /* [CP] Embed Pods Frameworks */,
			);
			buildRules = (
			);
			dependencies = (
			);
			name = EngagementScenarios;
			productName = EngagementScenarios;
			productReference = FB58E9F9210FB41F006CF15A /* EngagementScenarios.app */;
			productType = "com.apple.product-type.application";
		};
/* End PBXNativeTarget section */

/* Begin PBXProject section */
		FB58E9F1210FB41F006CF15A /* Project object */ = {
			isa = PBXProject;
			attributes = {
				LastSwiftUpdateCheck = 0940;
				LastUpgradeCheck = 0940;
				ORGANIZATIONNAME = Phunware;
				TargetAttributes = {
					FB58E9F8210FB41F006CF15A = {
						CreatedOnToolsVersion = 9.4.1;
						SystemCapabilities = {
							com.apple.BackgroundModes = {
								enabled = 1;
							};
						};
					};
				};
			};
			buildConfigurationList = FB58E9F4210FB41F006CF15A /* Build configuration list for PBXProject "EngagementScenarios" */;
			compatibilityVersion = "Xcode 9.3";
			developmentRegion = en;
			hasScannedForEncodings = 0;
			knownRegions = (
				en,
				Base,
			);
			mainGroup = FB58E9F0210FB41F006CF15A;
			productRefGroup = FB58E9FA210FB41F006CF15A /* Products */;
			projectDirPath = "";
			projectRoot = "";
			targets = (
				FB58E9F8210FB41F006CF15A /* EngagementScenarios */,
			);
		};
/* End PBXProject section */

/* Begin PBXResourcesBuildPhase section */
		FB58E9F7210FB41F006CF15A /* Resources */ = {
			isa = PBXResourcesBuildPhase;
			buildActionMask = 2147483647;
			files = (
				FB58EA07210FB420006CF15A /* LaunchScreen.storyboard in Resources */,
				FB58EA04210FB420006CF15A /* Assets.xcassets in Resources */,
				FB58EA02210FB41F006CF15A /* Main.storyboard in Resources */,
			);
			runOnlyForDeploymentPostprocessing = 0;
		};
/* End PBXResourcesBuildPhase section */

/* Begin PBXShellScriptBuildPhase section */
		3E5A3FAE5CC6F1660D7BAF85 /* [CP] Check Pods Manifest.lock */ = {
			isa = PBXShellScriptBuildPhase;
			buildActionMask = 2147483647;
			files = (
			);
			inputPaths = (
				"${PODS_PODFILE_DIR_PATH}/Podfile.lock",
				"${PODS_ROOT}/Manifest.lock",
			);
			name = "[CP] Check Pods Manifest.lock";
			outputPaths = (
				"$(DERIVED_FILE_DIR)/Pods-EngagementScenarios-checkManifestLockResult.txt",
			);
			runOnlyForDeploymentPostprocessing = 0;
			shellPath = /bin/sh;
			shellScript = "diff \"${PODS_PODFILE_DIR_PATH}/Podfile.lock\" \"${PODS_ROOT}/Manifest.lock\" > /dev/null\nif [ $? != 0 ] ; then\n    # print error to STDERR\n    echo \"error: The sandbox is not in sync with the Podfile.lock. Run 'pod install' or update your CocoaPods installation.\" >&2\n    exit 1\nfi\n# This output is used by Xcode 'outputs' to avoid re-running this script phase.\necho \"SUCCESS\" > \"${SCRIPT_OUTPUT_FILE_0}\"\n";
			showEnvVarsInLog = 0;
		};
		A6BBCF5FDB8E9ABBC454F572 /* [CP] Embed Pods Frameworks */ = {
			isa = PBXShellScriptBuildPhase;
			buildActionMask = 2147483647;
			files = (
			);
			inputPaths = (
				"${SRCROOT}/Pods/Target Support Files/Pods-EngagementScenarios/Pods-EngagementScenarios-frameworks.sh",
				"${BUILT_PRODUCTS_DIR}/AFNetworking/AFNetworking.framework",
				"${BUILT_PRODUCTS_DIR}/FMDB/FMDB.framework",
				"${PODS_ROOT}/MistSDK/Framework/MistSDK.framework",
				"${PODS_ROOT}/PWCore/Framework/PWCore.framework",
				"${PODS_ROOT}/PWEngagement/Framework/PWEngagement.framework",
				"${BUILT_PRODUCTS_DIR}/SSZipArchive/SSZipArchive.framework",
				"${BUILT_PRODUCTS_DIR}/TMCache/TMCache.framework",
			);
			name = "[CP] Embed Pods Frameworks";
			outputPaths = (
				"${TARGET_BUILD_DIR}/${FRAMEWORKS_FOLDER_PATH}/AFNetworking.framework",
				"${TARGET_BUILD_DIR}/${FRAMEWORKS_FOLDER_PATH}/FMDB.framework",
				"${TARGET_BUILD_DIR}/${FRAMEWORKS_FOLDER_PATH}/MistSDK.framework",
				"${TARGET_BUILD_DIR}/${FRAMEWORKS_FOLDER_PATH}/PWCore.framework",
				"${TARGET_BUILD_DIR}/${FRAMEWORKS_FOLDER_PATH}/PWEngagement.framework",
				"${TARGET_BUILD_DIR}/${FRAMEWORKS_FOLDER_PATH}/SSZipArchive.framework",
				"${TARGET_BUILD_DIR}/${FRAMEWORKS_FOLDER_PATH}/TMCache.framework",
			);
			runOnlyForDeploymentPostprocessing = 0;
			shellPath = /bin/sh;
			shellScript = "\"${SRCROOT}/Pods/Target Support Files/Pods-EngagementScenarios/Pods-EngagementScenarios-frameworks.sh\"\n";
			showEnvVarsInLog = 0;
		};
/* End PBXShellScriptBuildPhase section */

/* Begin PBXSourcesBuildPhase section */
		FB58E9F5210FB41F006CF15A /* Sources */ = {
			isa = PBXSourcesBuildPhase;
			buildActionMask = 2147483647;
			files = (
				FB58EA10210FB886006CF15A /* ScenarioSelectViewController.swift in Sources */,
				FB58EA12210FBA61006CF15A /* LocalNotificationHandlerViewController.swift in Sources */,
				FB58E9FD210FB41F006CF15A /* AppDelegate.swift in Sources */,
			);
			runOnlyForDeploymentPostprocessing = 0;
		};
/* End PBXSourcesBuildPhase section */

/* Begin PBXVariantGroup section */
		FB58EA00210FB41F006CF15A /* Main.storyboard */ = {
			isa = PBXVariantGroup;
			children = (
				FB58EA01210FB41F006CF15A /* Base */,
			);
			name = Main.storyboard;
			sourceTree = "<group>";
		};
		FB58EA05210FB420006CF15A /* LaunchScreen.storyboard */ = {
			isa = PBXVariantGroup;
			children = (
				FB58EA06210FB420006CF15A /* Base */,
			);
			name = LaunchScreen.storyboard;
			sourceTree = "<group>";
		};
/* End PBXVariantGroup section */

/* Begin XCBuildConfiguration section */
		FB58EA09210FB420006CF15A /* Debug */ = {
			isa = XCBuildConfiguration;
			buildSettings = {
				ALWAYS_SEARCH_USER_PATHS = NO;
				CLANG_ANALYZER_NONNULL = YES;
				CLANG_ANALYZER_NUMBER_OBJECT_CONVERSION = YES_AGGRESSIVE;
				CLANG_CXX_LANGUAGE_STANDARD = "gnu++14";
				CLANG_CXX_LIBRARY = "libc++";
				CLANG_ENABLE_MODULES = YES;
				CLANG_ENABLE_OBJC_ARC = YES;
				CLANG_ENABLE_OBJC_WEAK = YES;
				CLANG_WARN_BLOCK_CAPTURE_AUTORELEASING = YES;
				CLANG_WARN_BOOL_CONVERSION = YES;
				CLANG_WARN_COMMA = YES;
				CLANG_WARN_CONSTANT_CONVERSION = YES;
				CLANG_WARN_DEPRECATED_OBJC_IMPLEMENTATIONS = YES;
				CLANG_WARN_DIRECT_OBJC_ISA_USAGE = YES_ERROR;
				CLANG_WARN_DOCUMENTATION_COMMENTS = YES;
				CLANG_WARN_EMPTY_BODY = YES;
				CLANG_WARN_ENUM_CONVERSION = YES;
				CLANG_WARN_INFINITE_RECURSION = YES;
				CLANG_WARN_INT_CONVERSION = YES;
				CLANG_WARN_NON_LITERAL_NULL_CONVERSION = YES;
				CLANG_WARN_OBJC_IMPLICIT_RETAIN_SELF = YES;
				CLANG_WARN_OBJC_LITERAL_CONVERSION = YES;
				CLANG_WARN_OBJC_ROOT_CLASS = YES_ERROR;
				CLANG_WARN_RANGE_LOOP_ANALYSIS = YES;
				CLANG_WARN_STRICT_PROTOTYPES = YES;
				CLANG_WARN_SUSPICIOUS_MOVE = YES;
				CLANG_WARN_UNGUARDED_AVAILABILITY = YES_AGGRESSIVE;
				CLANG_WARN_UNREACHABLE_CODE = YES;
				CLANG_WARN__DUPLICATE_METHOD_MATCH = YES;
				CODE_SIGN_IDENTITY = "iPhone Developer";
				COPY_PHASE_STRIP = NO;
				DEBUG_INFORMATION_FORMAT = dwarf;
				ENABLE_STRICT_OBJC_MSGSEND = YES;
				ENABLE_TESTABILITY = YES;
				GCC_C_LANGUAGE_STANDARD = gnu11;
				GCC_DYNAMIC_NO_PIC = NO;
				GCC_NO_COMMON_BLOCKS = YES;
				GCC_OPTIMIZATION_LEVEL = 0;
				GCC_PREPROCESSOR_DEFINITIONS = (
					"DEBUG=1",
					"$(inherited)",
				);
				GCC_WARN_64_TO_32_BIT_CONVERSION = YES;
				GCC_WARN_ABOUT_RETURN_TYPE = YES_ERROR;
				GCC_WARN_UNDECLARED_SELECTOR = YES;
				GCC_WARN_UNINITIALIZED_AUTOS = YES_AGGRESSIVE;
				GCC_WARN_UNUSED_FUNCTION = YES;
				GCC_WARN_UNUSED_VARIABLE = YES;
				IPHONEOS_DEPLOYMENT_TARGET = 11.4;
				MTL_ENABLE_DEBUG_INFO = YES;
				ONLY_ACTIVE_ARCH = YES;
				SDKROOT = iphoneos;
				SWIFT_ACTIVE_COMPILATION_CONDITIONS = DEBUG;
				SWIFT_OPTIMIZATION_LEVEL = "-Onone";
			};
			name = Debug;
		};
		FB58EA0A210FB420006CF15A /* Release */ = {
			isa = XCBuildConfiguration;
			buildSettings = {
				ALWAYS_SEARCH_USER_PATHS = NO;
				CLANG_ANALYZER_NONNULL = YES;
				CLANG_ANALYZER_NUMBER_OBJECT_CONVERSION = YES_AGGRESSIVE;
				CLANG_CXX_LANGUAGE_STANDARD = "gnu++14";
				CLANG_CXX_LIBRARY = "libc++";
				CLANG_ENABLE_MODULES = YES;
				CLANG_ENABLE_OBJC_ARC = YES;
				CLANG_ENABLE_OBJC_WEAK = YES;
				CLANG_WARN_BLOCK_CAPTURE_AUTORELEASING = YES;
				CLANG_WARN_BOOL_CONVERSION = YES;
				CLANG_WARN_COMMA = YES;
				CLANG_WARN_CONSTANT_CONVERSION = YES;
				CLANG_WARN_DEPRECATED_OBJC_IMPLEMENTATIONS = YES;
				CLANG_WARN_DIRECT_OBJC_ISA_USAGE = YES_ERROR;
				CLANG_WARN_DOCUMENTATION_COMMENTS = YES;
				CLANG_WARN_EMPTY_BODY = YES;
				CLANG_WARN_ENUM_CONVERSION = YES;
				CLANG_WARN_INFINITE_RECURSION = YES;
				CLANG_WARN_INT_CONVERSION = YES;
				CLANG_WARN_NON_LITERAL_NULL_CONVERSION = YES;
				CLANG_WARN_OBJC_IMPLICIT_RETAIN_SELF = YES;
				CLANG_WARN_OBJC_LITERAL_CONVERSION = YES;
				CLANG_WARN_OBJC_ROOT_CLASS = YES_ERROR;
				CLANG_WARN_RANGE_LOOP_ANALYSIS = YES;
				CLANG_WARN_STRICT_PROTOTYPES = YES;
				CLANG_WARN_SUSPICIOUS_MOVE = YES;
				CLANG_WARN_UNGUARDED_AVAILABILITY = YES_AGGRESSIVE;
				CLANG_WARN_UNREACHABLE_CODE = YES;
				CLANG_WARN__DUPLICATE_METHOD_MATCH = YES;
				CODE_SIGN_IDENTITY = "iPhone Developer";
				COPY_PHASE_STRIP = NO;
				DEBUG_INFORMATION_FORMAT = "dwarf-with-dsym";
				ENABLE_NS_ASSERTIONS = NO;
				ENABLE_STRICT_OBJC_MSGSEND = YES;
				GCC_C_LANGUAGE_STANDARD = gnu11;
				GCC_NO_COMMON_BLOCKS = YES;
				GCC_WARN_64_TO_32_BIT_CONVERSION = YES;
				GCC_WARN_ABOUT_RETURN_TYPE = YES_ERROR;
				GCC_WARN_UNDECLARED_SELECTOR = YES;
				GCC_WARN_UNINITIALIZED_AUTOS = YES_AGGRESSIVE;
				GCC_WARN_UNUSED_FUNCTION = YES;
				GCC_WARN_UNUSED_VARIABLE = YES;
				IPHONEOS_DEPLOYMENT_TARGET = 11.4;
				MTL_ENABLE_DEBUG_INFO = NO;
				SDKROOT = iphoneos;
				SWIFT_COMPILATION_MODE = wholemodule;
				SWIFT_OPTIMIZATION_LEVEL = "-O";
				VALIDATE_PRODUCT = YES;
			};
			name = Release;
		};
		FB58EA0C210FB420006CF15A /* Debug */ = {
			isa = XCBuildConfiguration;
			baseConfigurationReference = 5DF65505352E4E9272F3E605 /* Pods-EngagementScenarios.debug.xcconfig */;
			buildSettings = {
				ASSETCATALOG_COMPILER_APPICON_NAME = AppIcon;
				CODE_SIGN_STYLE = Automatic;
				DEVELOPMENT_TEAM = 84CK77G588;
				INFOPLIST_FILE = EngagementScenarios/Info.plist;
				IPHONEOS_DEPLOYMENT_TARGET = 10.0;
				LD_RUNPATH_SEARCH_PATHS = (
					"$(inherited)",
					"@executable_path/Frameworks",
				);
				PRODUCT_BUNDLE_IDENTIFIER = com.phunware.EngagementScenarios;
				PRODUCT_NAME = "$(TARGET_NAME)";
				SWIFT_VERSION = 4.0;
				TARGETED_DEVICE_FAMILY = 1;
			};
			name = Debug;
		};
		FB58EA0D210FB420006CF15A /* Release */ = {
			isa = XCBuildConfiguration;
			baseConfigurationReference = 26ABB8F853AEEA17F1E1096B /* Pods-EngagementScenarios.release.xcconfig */;
			buildSettings = {
				ASSETCATALOG_COMPILER_APPICON_NAME = AppIcon;
				CODE_SIGN_STYLE = Automatic;
				DEVELOPMENT_TEAM = 84CK77G588;
				INFOPLIST_FILE = EngagementScenarios/Info.plist;
				IPHONEOS_DEPLOYMENT_TARGET = 10.0;
				LD_RUNPATH_SEARCH_PATHS = (
					"$(inherited)",
					"@executable_path/Frameworks",
				);
				PRODUCT_BUNDLE_IDENTIFIER = com.phunware.EngagementScenarios;
				PRODUCT_NAME = "$(TARGET_NAME)";
				SWIFT_VERSION = 4.0;
				TARGETED_DEVICE_FAMILY = 1;
			};
			name = Release;
		};
/* End XCBuildConfiguration section */

/* Begin XCConfigurationList section */
		FB58E9F4210FB41F006CF15A /* Build configuration list for PBXProject "EngagementScenarios" */ = {
			isa = XCConfigurationList;
			buildConfigurations = (
				FB58EA09210FB420006CF15A /* Debug */,
				FB58EA0A210FB420006CF15A /* Release */,
			);
			defaultConfigurationIsVisible = 0;
			defaultConfigurationName = Release;
		};
		FB58EA0B210FB420006CF15A /* Build configuration list for PBXNativeTarget "EngagementScenarios" */ = {
			isa = XCConfigurationList;
			buildConfigurations = (
				FB58EA0C210FB420006CF15A /* Debug */,
				FB58EA0D210FB420006CF15A /* Release */,
			);
			defaultConfigurationIsVisible = 0;
			defaultConfigurationName = Release;
		};
/* End XCConfigurationList section */
	};
	rootObject = FB58E9F1210FB41F006CF15A /* Project object */;
}
